<?xml version="1.0" encoding="utf-8"?>
<Project ToolsVersion="4.0" xmlns="http://schemas.microsoft.com/developer/msbuild/2003">
  <ItemGroup>
    <Filter Include="Source Files">
      <UniqueIdentifier>{4FC737F1-C7A5-4376-A066-2A32D752A2FF}</UniqueIdentifier>
      <Extensions>cpp;c;cc;cxx;def;odl;idl;hpj;bat;asm;asmx</Extensions>
    </Filter>
    <Filter Include="Header Files">
      <UniqueIdentifier>{93995380-89BD-4b04-88EB-625FBE52EBFB}</UniqueIdentifier>
      <Extensions>h;hh;hpp;hxx;hm;inl;inc;ipp;xsd</Extensions>
    </Filter>
    <Filter Include="Resource Files">
      <UniqueIdentifier>{67DA6AB6-F800-4c08-8B7A-83BB121AAD01}</UniqueIdentifier>
      <Extensions>rc;ico;cur;bmp;dlg;rc2;rct;bin;rgs;gif;jpg;jpeg;jpe;resx;tiff;tif;png;wav;mfcribbon-ms</Extensions>
    </Filter>
  </ItemGroup>
  <ItemGroup>
    <ClCompile Include="src\main.cpp">
      <Filter>Source Files</Filter>
    </ClCompile>
    <ClCompile Include="src\window_context.cpp">
      <Filter>Source Files</Filter>
    </ClCompile>
    <ClCompile Include="src\renderer\buffer.cpp">
      <Filter>Source Files</Filter>
    </ClCompile>
    <ClCompile Include="src\renderer\shader.cpp">
      <Filter>Source Files</Filter>
    </ClCompile>
    <ClCompile Include="src\controls\observer.cpp">
      <Filter>Source Files</Filter>
    </ClCompile>
    <ClCompile Include="src\utils\Vector_3D.cpp">
      <Filter>Source Files</Filter>
    </ClCompile>
    <ClCompile Include="src\utils\Matrix_3D.cpp">
      <Filter>Source Files</Filter>
    </ClCompile>
    <ClCompile Include="src\utils\shape_creator.cpp">
      <Filter>Source Files</Filter>
    </ClCompile>
    <ClCompile Include="src\controls\timestep.cpp">
      <Filter>Source Files</Filter>
    </ClCompile>
    <ClCompile Include="src\renderer\skybox.cpp">
      <Filter>Source Files</Filter>
    </ClCompile>
    <ClCompile Include="src\renderer\texture.cpp">
      <Filter>Source Files</Filter>
    </ClCompile>
    <ClCompile Include="src\objects\body.cpp">
      <Filter>Source Files</Filter>
    </ClCompile>
    <ClCompile Include="src\utils\Vector_2D.cpp">
      <Filter>Source Files</Filter>
    </ClCompile>
    <ClCompile Include="src\renderer\coloured_mesh.cpp">
      <Filter>Source Files</Filter>
    </ClCompile>
    <ClCompile Include="src\renderer\textured_mesh.cpp">
      <Filter>Source Files</Filter>
    </ClCompile>
    <ClCompile Include="src\renderer\portal.cpp">
      <Filter>Source Files</Filter>
    </ClCompile>
    <ClCompile Include="src\renderer\framebuffer.cpp">
      <Filter>Source Files</Filter>
    </ClCompile>
    <ClCompile Include="src\renderer\scene.cpp">
      <Filter>Source Files</Filter>
    </ClCompile>
    <ClCompile Include="src\renderer\textured_shaded_mesh.cpp">
      <Filter>Source Files</Filter>
    </ClCompile>
    <ClCompile Include="src\controls\player.cpp">
      <Filter>Source Files</Filter>
    </ClCompile>
    <ClCompile Include="src\objects\projectile.cpp">
      <Filter>Source Files</Filter>
    </ClCompile>
    <ClCompile Include="src\renderer\helper_visuals.cpp">
      <Filter>Source Files</Filter>
    </ClCompile>
    <ClCompile Include="src\menu.cpp">
      <Filter>Source Files</Filter>
    </ClCompile>
    <ClCompile Include="src\controls\ai.cpp">
      <Filter>Source Files</Filter>
    </ClCompile>
    <ClCompile Include="src\controls\ai_pool.cpp">
      <Filter>Source Files</Filter>
    </ClCompile>
    <ClCompile Include="src\objects\explosion.cpp">
      <Filter>Source Files</Filter>
    </ClCompile>
    <ClCompile Include="src\audio\Sound_Manager.cpp">
      <Filter>Source Files</Filter>
    </ClCompile>
  </ItemGroup>
  <ItemGroup>
    <ClInclude Include="src\window_context.h">
      <Filter>Header Files</Filter>
    </ClInclude>
    <ClInclude Include="src\sample_code.h">
      <Filter>Header Files</Filter>
    </ClInclude>
    <ClInclude Include="src\renderer\buffer.h">
      <Filter>Header Files</Filter>
    </ClInclude>
    <ClInclude Include="src\renderer\shader.h">
      <Filter>Header Files</Filter>
    </ClInclude>
    <ClInclude Include="src\renderer\texture.h">
      <Filter>Header Files</Filter>
    </ClInclude>
    <ClInclude Include="src\renderer\renderer.h">
      <Filter>Header Files</Filter>
    </ClInclude>
    <ClInclude Include="src\utils\shape_creator.h">
      <Filter>Header Files</Filter>
    </ClInclude>
    <ClInclude Include="src\controls\observer.h">
      <Filter>Header Files</Filter>
    </ClInclude>
    <ClInclude Include="src\utils\Vector_3D.h">
      <Filter>Header Files</Filter>
    </ClInclude>
    <ClInclude Include="src\utils\Matrix_3D.h">
      <Filter>Header Files</Filter>
    </ClInclude>
    <ClInclude Include="src\controls\timestep.h">
      <Filter>Header Files</Filter>
    </ClInclude>
    <ClInclude Include="src\renderer\skybox.h">
      <Filter>Header Files</Filter>
    </ClInclude>
    <ClInclude Include="src\objects\body.h">
      <Filter>Header Files</Filter>
    </ClInclude>
    <ClInclude Include="src\utils\Vector_2D.h">
      <Filter>Header Files</Filter>
    </ClInclude>
    <ClInclude Include="src\renderer\coloured_mesh.h">
      <Filter>Header Files</Filter>
    </ClInclude>
    <ClInclude Include="src\renderer\textured_mesh.h">
      <Filter>Header Files</Filter>
    </ClInclude>
    <ClInclude Include="src\renderer\portal.h">
      <Filter>Header Files</Filter>
    </ClInclude>
    <ClInclude Include="src\renderer\framebuffer.h">
      <Filter>Header Files</Filter>
    </ClInclude>
    <ClInclude Include="src\renderer\scene.h">
      <Filter>Header Files</Filter>
    </ClInclude>
    <ClInclude Include="src\renderer\textured_shaded_mesh.h">
      <Filter>Header Files</Filter>
    </ClInclude>
    <ClInclude Include="src\renderer\shader_sources\vertex_shader_textured_shaded.glsl">
      <Filter>Header Files</Filter>
    </ClInclude>
    <ClInclude Include="src\renderer\shader_sources\fragment_shader_textured_shaded.glsl">
      <Filter>Header Files</Filter>
    </ClInclude>
    <ClInclude Include="src\controls\player.h">
      <Filter>Header Files</Filter>
    </ClInclude>
    <ClInclude Include="src\acceleration_functions.h">
      <Filter>Header Files</Filter>
    </ClInclude>
    <ClInclude Include="src\objects\projectile.h">
      <Filter>Header Files</Filter>
    </ClInclude>
    <ClInclude Include="src\renderer\helper_visuals.h">
      <Filter>Header Files</Filter>
    </ClInclude>
    <ClInclude Include="src\menu.h">
      <Filter>Header Files</Filter>
    </ClInclude>
    <ClInclude Include="src\controls\ai.h">
      <Filter>Header Files</Filter>
    </ClInclude>
    <ClInclude Include="src\global_constants.h">
      <Filter>Header Files</Filter>
    </ClInclude>
    <ClInclude Include="src\controls\ai_pool.h">
      <Filter>Header Files</Filter>
    </ClInclude>
    <ClInclude Include="src\objects\explosion.h">
      <Filter>Header Files</Filter>
    </ClInclude>
    <ClInclude Include="src\audio\Sound_Manager.h">
      <Filter>Header Files</Filter>
    </ClInclude>
  </ItemGroup>
  <ItemGroup>
    <None Include="src\renderer\shader_sources\fragment_shader.glsl" />
    <None Include="src\renderer\shader_sources\fragment_shader_textured.glsl" />
    <None Include="src\renderer\shader_sources\vertex_shader_textured.glsl" />
    <None Include="src\renderer\shader_sources\vertex_shader.glsl" />
    <None Include="src\renderer\shader_sources\fragment_shader_skybox.glsl" />
    <None Include="src\renderer\shader_sources\vertex_shader_skybox.glsl" />
    <None Include="src\renderer\shader_sources\vertex_shader_highlighter.glsl" />
    <None Include="src\renderer\shader_sources\fragment_shader_highlighter.glsl" />
    <None Include="src\renderer\shader_sources\fragment_shader_explosion.glsl" />
    <None Include="src\renderer\shader_sources\vertex_shader_explosion.glsl" />
  </ItemGroup>
</Project>